{
  "version": 4,
  "terraform_version": "1.4.5",
  "serial": 8,
  "lineage": "cd0e0803-ffee-f5b8-7350-f2017dc30190",
  "outputs": {
    "cluster_id_gcp": {
      "value": "126",
      "type": "string"
    }
  },
  "resources": [
    {
      "mode": "managed",
      "type": "scylladbcloud_cluster",
      "name": "gcp",
      "provider": "provider[\"registry.terraform.io/scylladb/scylladbcloud\"]",
      "instances": [
        {
          "schema_version": 0,
          "attributes": {
            "alternator_write_isolation": "only_rmw_uses_lwt",
            "byoa_id": null,
            "cidr_block": "172.31.1.0/24",
            "cloud": "GCP",
            "cluster_id": 126,
            "datacenter": "GCE_US_EAST_1",
            "enable_dns": true,
            "enable_vpc_peering": true,
            "id": "126",
            "name": "GCP-statuspage-test",
            "node_count": 3,
            "node_dns_names": [
              "node-0.gce-us-east-1.895ab0074cd815c38ad9.clusters.lab.scylla.cloud",
              "node-1.gce-us-east-1.895ab0074cd815c38ad9.clusters.lab.scylla.cloud",
              "node-2.gce-us-east-1.895ab0074cd815c38ad9.clusters.lab.scylla.cloud"
            ],
            "node_private_ips": [
              "172.31.1.2",
              "172.31.1.3",
              "172.31.1.5"
            ],
            "node_type": "n2-highmem-2",
            "region": "us-east1",
            "request_id": 288,
            "scylla_version": "2022.2.12",
            "status": "ACTIVE",
            "timeouts": null,
            "user_api_interface": "CQL"
          },
          "sensitive_attributes": [],
          "private": "eyJlMmJmYjczMC1lY2FhLTExZTYtOGY4OC0zNDM2M2JjN2M0YzAiOnsiY3JlYXRlIjoyNDAwMDAwMDAwMDAwLCJkZWxldGUiOjU0MDAwMDAwMDAwMDAsInVwZGF0ZSI6MjQwMDAwMDAwMDAwMH19"
        }
      ]
    }
  ],
  "check_results": null
}
